# THIS IS AN AUTOGENERATED FILE. DO NOT EDIT THIS FILE DIRECTLY.
# yarn lockfile v1


stockfish@^10.0.0:
  version "10.0.0"
  resolved "https://registry.yarnpkg.com/stockfish/-/stockfish-10.0.0.tgz#c44a46364a51bed8bc44611c3657059566f3f8ba"
  integrity sha512-4t6ddJ8schqwR3H3BnMcATdH6UumHLafvhILowMUu+9KTFx8NaObeOxICdF+Rlo0SABT5lMvh4WJx164CFIrCQ==
